// !$*UTF8*$!
{
	archiveVersion = 1;
	classes = {
	};
	objectVersion = 50;
	objects = {

/* Begin PBXBuildFile section */
		F27D602425336C3A00D76022 /* AppDelegate.swift in Sources */ = {isa = PBXBuildFile; fileRef = F27D602325336C3A00D76022 /* AppDelegate.swift */; };
		F27D602625336C3A00D76022 /* SceneDelegate.swift in Sources */ = {isa = PBXBuildFile; fileRef = F27D602525336C3A00D76022 /* SceneDelegate.swift */; };
		F27D602825336C3A00D76022 /* ViewController.swift in Sources */ = {isa = PBXBuildFile; fileRef = F27D602725336C3A00D76022 /* ViewController.swift */; };
		F27D602B25336C3A00D76022 /* Main.storyboard in Resources */ = {isa = PBXBuildFile; fileRef = F27D602925336C3A00D76022 /* Main.storyboard */; };
		F27D602D25336C3B00D76022 /* Assets.xcassets in Resources */ = {isa = PBXBuildFile; fileRef = F27D602C25336C3B00D76022 /* Assets.xcassets */; };
		F27D603025336C3B00D76022 /* LaunchScreen.storyboard in Resources */ = {isa = PBXBuildFile; fileRef = F27D602E25336C3B00D76022 /* LaunchScreen.storyboard */; };
		F27D603B25336C3B00D76022 /* AnimationTests.swift in Sources */ = {isa = PBXBuildFile; fileRef = F27D603A25336C3B00D76022 /* AnimationTests.swift */; };
		F27D604625336C3B00D76022 /* AnimationUITests.swift in Sources */ = {isa = PBXBuildFile; fileRef = F27D604525336C3B00D76022 /* AnimationUITests.swift */; };
		F27D605525336C4F00D76022 /* penguin@2x.png in Resources */ = {isa = PBXBuildFile; fileRef = F27D605425336C4F00D76022 /* penguin@2x.png */; };
/* End PBXBuildFile section */

/* Begin PBXContainerItemProxy section */
		F27D603725336C3B00D76022 /* PBXContainerItemProxy */ = {
			isa = PBXContainerItemProxy;
			containerPortal = F27D601825336C3900D76022 /* Project object */;
			proxyType = 1;
			remoteGlobalIDString = F27D601F25336C3A00D76022;
			remoteInfo = Animation;
		};
		F27D604225336C3B00D76022 /* PBXContainerItemProxy */ = {
			isa = PBXContainerItemProxy;
			containerPortal = F27D601825336C3900D76022 /* Project object */;
			proxyType = 1;
			remoteGlobalIDString = F27D601F25336C3A00D76022;
			remoteInfo = Animation;
		};
/* End PBXContainerItemProxy section */

/* Begin PBXFileReference section */
		F27D602025336C3A00D76022 /* Animation.app */ = {isa = PBXFileReference; explicitFileType = wrapper.application; includeInIndex = 0; path = Animation.app; sourceTree = BUILT_PRODUCTS_DIR; };
		F27D602325336C3A00D76022 /* AppDelegate.swift */ = {isa = PBXFileReference; lastKnownFileType = sourcecode.swift; path = AppDelegate.swift; sourceTree = "<group>"; };
		F27D602525336C3A00D76022 /* SceneDelegate.swift */ = {isa = PBXFileReference; lastKnownFileType = sourcecode.swift; path = SceneDelegate.swift; sourceTree = "<group>"; };
		F27D602725336C3A00D76022 /* ViewController.swift */ = {isa = PBXFileReference; lastKnownFileType = sourcecode.swift; path = ViewController.swift; sourceTree = "<group>"; };
		F27D602A25336C3A00D76022 /* Base */ = {isa = PBXFileReference; lastKnownFileType = file.storyboard; name = Base; path = Base.lproj/Main.storyboard; sourceTree = "<group>"; };
		F27D602C25336C3B00D76022 /* Assets.xcassets */ = {isa = PBXFileReference; lastKnownFileType = folder.assetcatalog; path = Assets.xcassets; sourceTree = "<group>"; };
		F27D602F25336C3B00D76022 /* Base */ = {isa = PBXFileReference; lastKnownFileType = file.storyboard; name = Base; path = Base.lproj/LaunchScreen.storyboard; sourceTree = "<group>"; };
		F27D603125336C3B00D76022 /* Info.plist */ = {isa = PBXFileReference; lastKnownFileType = text.plist.xml; path = Info.plist; sourceTree = "<group>"; };
		F27D603625336C3B00D76022 /* AnimationTests.xctest */ = {isa = PBXFileReference; explicitFileType = wrapper.cfbundle; includeInIndex = 0; path = AnimationTests.xctest; sourceTree = BUILT_PRODUCTS_DIR; };
		F27D603A25336C3B00D76022 /* AnimationTests.swift */ = {isa = PBXFileReference; lastKnownFileType = sourcecode.swift; path = AnimationTests.swift; sourceTree = "<group>"; };
		F27D603C25336C3B00D76022 /* Info.plist */ = {isa = PBXFileReference; lastKnownFileType = text.plist.xml; path = Info.plist; sourceTree = "<group>"; };
		F27D604125336C3B00D76022 /* AnimationUITests.xctest */ = {isa = PBXFileReference; explicitFileType = wrapper.cfbundle; includeInIndex = 0; path = AnimationUITests.xctest; sourceTree = BUILT_PRODUCTS_DIR; };
		F27D604525336C3B00D76022 /* AnimationUITests.swift */ = {isa = PBXFileReference; lastKnownFileType = sourcecode.swift; path = AnimationUITests.swift; sourceTree = "<group>"; };
		F27D604725336C3B00D76022 /* Info.plist */ = {isa = PBXFileReference; lastKnownFileType = text.plist.xml; path = Info.plist; sourceTree = "<group>"; };
		F27D605425336C4F00D76022 /* penguin@2x.png */ = {isa = PBXFileReference; lastKnownFileType = image.png; path = "penguin@2x.png"; sourceTree = "<group>"; };
/* End PBXFileReference section */

/* Begin PBXFrameworksBuildPhase section */
		F27D601D25336C3A00D76022 /* Frameworks */ = {
			isa = PBXFrameworksBuildPhase;
			buildActionMask = 2147483647;
			files = (
			);
			runOnlyForDeploymentPostprocessing = 0;
		};
		F27D603325336C3B00D76022 /* Frameworks */ = {
			isa = PBXFrameworksBuildPhase;
			buildActionMask = 2147483647;
			files = (
			);
			runOnlyForDeploymentPostprocessing = 0;
		};
		F27D603E25336C3B00D76022 /* Frameworks */ = {
			isa = PBXFrameworksBuildPhase;
			buildActionMask = 2147483647;
			files = (
			);
			runOnlyForDeploymentPostprocessing = 0;
		};
/* End PBXFrameworksBuildPhase section */

/* Begin PBXGroup section */
		F27D601725336C3900D76022 = {
			isa = PBXGroup;
			children = (
				F27D602225336C3A00D76022 /* Animation */,
				F27D603925336C3B00D76022 /* AnimationTests */,
				F27D604425336C3B00D76022 /* AnimationUITests */,
				F27D602125336C3A00D76022 /* Products */,
			);
			sourceTree = "<group>";
		};
		F27D602125336C3A00D76022 /* Products */ = {
			isa = PBXGroup;
			children = (
				F27D602025336C3A00D76022 /* Animation.app */,
				F27D603625336C3B00D76022 /* AnimationTests.xctest */,
				F27D604125336C3B00D76022 /* AnimationUITests.xctest */,
			);
			name = Products;
			sourceTree = "<group>";
		};
		F27D602225336C3A00D76022 /* Animation */ = {
			isa = PBXGroup;
			children = (
				F27D605325336C4F00D76022 /* Content */,
				F27D602325336C3A00D76022 /* AppDelegate.swift */,
				F27D602525336C3A00D76022 /* SceneDelegate.swift */,
				F27D602725336C3A00D76022 /* ViewController.swift */,
				F27D602925336C3A00D76022 /* Main.storyboard */,
				F27D602C25336C3B00D76022 /* Assets.xcassets */,
				F27D602E25336C3B00D76022 /* LaunchScreen.storyboard */,
				F27D603125336C3B00D76022 /* Info.plist */,
			);
			path = Animation;
			sourceTree = "<group>";
		};
		F27D603925336C3B00D76022 /* AnimationTests */ = {
			isa = PBXGroup;
			children = (
				F27D603A25336C3B00D76022 /* AnimationTests.swift */,
				F27D603C25336C3B00D76022 /* Info.plist */,
			);
			path = AnimationTests;
			sourceTree = "<group>";
		};
		F27D604425336C3B00D76022 /* AnimationUITests */ = {
			isa = PBXGroup;
			children = (
				F27D604525336C3B00D76022 /* AnimationUITests.swift */,
				F27D604725336C3B00D76022 /* Info.plist */,
			);
			path = AnimationUITests;
			sourceTree = "<group>";
		};
		F27D605325336C4F00D76022 /* Content */ = {
			isa = PBXGroup;
			children = (
				F27D605425336C4F00D76022 /* penguin@2x.png */,
			);
			path = Content;
			sourceTree = "<group>";
		};
/* End PBXGroup section */

/* Begin PBXNativeTarget section */
		F27D601F25336C3A00D76022 /* Animation */ = {
			isa = PBXNativeTarget;
			buildConfigurationList = F27D604A25336C3B00D76022 /* Build configuration list for PBXNativeTarget "Animation" */;
			buildPhases = (
				F27D601C25336C3A00D76022 /* Sources */,
				F27D601D25336C3A00D76022 /* Frameworks */,
				F27D601E25336C3A00D76022 /* Resources */,
			);
			buildRules = (
			);
			dependencies = (
			);
			name = Animation;
			productName = Animation;
			productReference = F27D602025336C3A00D76022 /* Animation.app */;
			productType = "com.apple.product-type.application";
		};
		F27D603525336C3B00D76022 /* AnimationTests */ = {
			isa = PBXNativeTarget;
			buildConfigurationList = F27D604D25336C3B00D76022 /* Build configuration list for PBXNativeTarget "AnimationTests" */;
			buildPhases = (
				F27D603225336C3B00D76022 /* Sources */,
				F27D603325336C3B00D76022 /* Frameworks */,
				F27D603425336C3B00D76022 /* Resources */,
			);
			buildRules = (
			);
			dependencies = (
				F27D603825336C3B00D76022 /* PBXTargetDependency */,
			);
			name = AnimationTests;
			productName = AnimationTests;
			productReference = F27D603625336C3B00D76022 /* AnimationTests.xctest */;
			productType = "com.apple.product-type.bundle.unit-test";
		};
		F27D604025336C3B00D76022 /* AnimationUITests */ = {
			isa = PBXNativeTarget;
			buildConfigurationList = F27D605025336C3B00D76022 /* Build configuration list for PBXNativeTarget "AnimationUITests" */;
			buildPhases = (
				F27D603D25336C3B00D76022 /* Sources */,
				F27D603E25336C3B00D76022 /* Frameworks */,
				F27D603F25336C3B00D76022 /* Resources */,
			);
			buildRules = (
			);
			dependencies = (
				F27D604325336C3B00D76022 /* PBXTargetDependency */,
			);
			name = AnimationUITests;
			productName = AnimationUITests;
			productReference = F27D604125336C3B00D76022 /* AnimationUITests.xctest */;
			productType = "com.apple.product-type.bundle.ui-testing";
		};
/* End PBXNativeTarget section */

/* Begin PBXProject section */
		F27D601825336C3900D76022 /* Project object */ = {
			isa = PBXProject;
			attributes = {
				LastSwiftUpdateCheck = 1170;
				LastUpgradeCheck = 1170;
				ORGANIZATIONNAME = "Farhana Mustafa";
				TargetAttributes = {
					F27D601F25336C3A00D76022 = {
						CreatedOnToolsVersion = 11.7;
					};
					F27D603525336C3B00D76022 = {
						CreatedOnToolsVersion = 11.7;
						TestTargetID = F27D601F25336C3A00D76022;
					};
					F27D604025336C3B00D76022 = {
						CreatedOnToolsVersion = 11.7;
						TestTargetID = F27D601F25336C3A00D76022;
					};
				};
			};
			buildConfigurationList = F27D601B25336C3900D76022 /* Build configuration list for PBXProject "Animation" */;
			compatibilityVersion = "Xcode 9.3";
			developmentRegion = en;
			hasScannedForEncodings = 0;
			knownRegions = (
				en,
				Base,
			);
			mainGroup = F27D601725336C3900D76022;
			productRefGroup = F27D602125336C3A00D76022 /* Products */;
			projectDirPath = "";
			projectRoot = "";
			targets = (
				F27D601F25336C3A00D76022 /* Animation */,
				F27D603525336C3B00D76022 /* AnimationTests */,
				F27D604025336C3B00D76022 /* AnimationUITests */,
			);
		};
/* End PBXProject section */

/* Begin PBXResourcesBuildPhase section */
		F27D601E25336C3A00D76022 /* Resources */ = {
			isa = PBXResourcesBuildPhase;
			buildActionMask = 2147483647;
			files = (
				F27D603025336C3B00D76022 /* LaunchScreen.storyboard in Resources */,
				F27D605525336C4F00D76022 /* penguin@2x.png in Resources */,
				F27D602D25336C3B00D76022 /* Assets.xcassets in Resources */,
				F27D602B25336C3A00D76022 /* Main.storyboard in Resources */,
			);
			runOnlyForDeploymentPostprocessing = 0;
		};
		F27D603425336C3B00D76022 /* Resources */ = {
			isa = PBXResourcesBuildPhase;
			buildActionMask = 2147483647;
			files = (
			);
			runOnlyForDeploymentPostprocessing = 0;
		};
		F27D603F25336C3B00D76022 /* Resources */ = {
			isa = PBXResourcesBuildPhase;
			buildActionMask = 2147483647;
			files = (
			);
			runOnlyForDeploymentPostprocessing = 0;
		};
/* End PBXResourcesBuildPhase section */

/* Begin PBXSourcesBuildPhase section */
		F27D601C25336C3A00D76022 /* Sources */ = {
			isa = PBXSourcesBuildPhase;
			buildActionMask = 2147483647;
			files = (
				F27D602825336C3A00D76022 /* ViewController.swift in Sources */,
				F27D602425336C3A00D76022 /* AppDelegate.swift in Sources */,
				F27D602625336C3A00D76022 /* SceneDelegate.swift in Sources */,
			);
			runOnlyForDeploymentPostprocessing = 0;
		};
		F27D603225336C3B00D76022 /* Sources */ = {
			isa = PBXSourcesBuildPhase;
			buildActionMask = 2147483647;
			files = (
				F27D603B25336C3B00D76022 /* AnimationTests.swift in Sources */,
			);
			runOnlyForDeploymentPostprocessing = 0;
		};
		F27D603D25336C3B00D76022 /* Sources */ = {
			isa = PBXSourcesBuildPhase;
			buildActionMask = 2147483647;
			files = (
				F27D604625336C3B00D76022 /* AnimationUITests.swift in Sources */,
			);
			runOnlyForDeploymentPostprocessing = 0;
		};
/* End PBXSourcesBuildPhase section */

/* Begin PBXTargetDependency section */
		F27D603825336C3B00D76022 /* PBXTargetDependency */ = {
			isa = PBXTargetDependency;
			target = F27D601F25336C3A00D76022 /* Animation */;
			targetProxy = F27D603725336C3B00D76022 /* PBXContainerItemProxy */;
		};
		F27D604325336C3B00D76022 /* PBXTargetDependency */ = {
			isa = PBXTargetDependency;
			target = F27D601F25336C3A00D76022 /* Animation */;
			targetProxy = F27D604225336C3B00D76022 /* PBXContainerItemProxy */;
		};
/* End PBXTargetDependency section */

/* Begin PBXVariantGroup section */
		F27D602925336C3A00D76022 /* Main.storyboard */ = {
			isa = PBXVariantGroup;
			children = (
				F27D602A25336C3A00D76022 /* Base */,
			);
			name = Main.storyboard;
			sourceTree = "<group>";
		};
		F27D602E25336C3B00D76022 /* LaunchScreen.storyboard */ = {
			isa = PBXVariantGroup;
			children = (
				F27D602F25336C3B00D76022 /* Base */,
			);
			name = LaunchScreen.storyboard;
			sourceTree = "<group>";
		};
/* End PBXVariantGroup section */

/* Begin XCBuildConfiguration section */
		F27D604825336C3B00D76022 /* Debug */ = {
			isa = XCBuildConfiguration;
			buildSettings = {
				ALWAYS_SEARCH_USER_PATHS = NO;
				CLANG_ANALYZER_NONNULL = YES;
				CLANG_ANALYZER_NUMBER_OBJECT_CONVERSION = YES_AGGRESSIVE;
				CLANG_CXX_LANGUAGE_STANDARD = "gnu++14";
				CLANG_CXX_LIBRARY = "libc++";
				CLANG_ENABLE_MODULES = YES;
				CLANG_ENABLE_OBJC_ARC = YES;
				CLANG_ENABLE_OBJC_WEAK = YES;
				CLANG_WARN_BLOCK_CAPTURE_AUTORELEASING = YES;
				CLANG_WARN_BOOL_CONVERSION = YES;
				CLANG_WARN_COMMA = YES;
				CLANG_WARN_CONSTANT_CONVERSION = YES;
				CLANG_WARN_DEPRECATED_OBJC_IMPLEMENTATIONS = YES;
				CLANG_WARN_DIRECT_OBJC_ISA_USAGE = YES_ERROR;
				CLANG_WARN_DOCUMENTATION_COMMENTS = YES;
				CLANG_WARN_EMPTY_BODY = YES;
				CLANG_WARN_ENUM_CONVERSION = YES;
				CLANG_WARN_INFINITE_RECURSION = YES;
				CLANG_WARN_INT_CONVERSION = YES;
				CLANG_WARN_NON_LITERAL_NULL_CONVERSION = YES;
				CLANG_WARN_OBJC_IMPLICIT_RETAIN_SELF = YES;
				CLANG_WARN_OBJC_LITERAL_CONVERSION = YES;
				CLANG_WARN_OBJC_ROOT_CLASS = YES_ERROR;
				CLANG_WARN_RANGE_LOOP_ANALYSIS = YES;
				CLANG_WARN_STRICT_PROTOTYPES = YES;
				CLANG_WARN_SUSPICIOUS_MOVE = YES;
				CLANG_WARN_UNGUARDED_AVAILABILITY = YES_AGGRESSIVE;
				CLANG_WARN_UNREACHABLE_CODE = YES;
				CLANG_WARN__DUPLICATE_METHOD_MATCH = YES;
				COPY_PHASE_STRIP = NO;
				DEBUG_INFORMATION_FORMAT = dwarf;
				ENABLE_STRICT_OBJC_MSGSEND = YES;
				ENABLE_TESTABILITY = YES;
				GCC_C_LANGUAGE_STANDARD = gnu11;
				GCC_DYNAMIC_NO_PIC = NO;
				GCC_NO_COMMON_BLOCKS = YES;
				GCC_OPTIMIZATION_LEVEL = 0;
				GCC_PREPROCESSOR_DEFINITIONS = (
					"DEBUG=1",
					"$(inherited)",
				);
				GCC_WARN_64_TO_32_BIT_CONVERSION = YES;
				GCC_WARN_ABOUT_RETURN_TYPE = YES_ERROR;
				GCC_WARN_UNDECLARED_SELECTOR = YES;
				GCC_WARN_UNINITIALIZED_AUTOS = YES_AGGRESSIVE;
				GCC_WARN_UNUSED_FUNCTION = YES;
				GCC_WARN_UNUSED_VARIABLE = YES;
				IPHONEOS_DEPLOYMENT_TARGET = 13.7;
				MTL_ENABLE_DEBUG_INFO = INCLUDE_SOURCE;
				MTL_FAST_MATH = YES;
				ONLY_ACTIVE_ARCH = YES;
				SDKROOT = iphoneos;
				SWIFT_ACTIVE_COMPILATION_CONDITIONS = DEBUG;
				SWIFT_OPTIMIZATION_LEVEL = "-Onone";
			};
			name = Debug;
		};
		F27D604925336C3B00D76022 /* Release */ = {
			isa = XCBuildConfiguration;
			buildSettings = {
				ALWAYS_SEARCH_USER_PATHS = NO;
				CLANG_ANALYZER_NONNULL = YES;
				CLANG_ANALYZER_NUMBER_OBJECT_CONVERSION = YES_AGGRESSIVE;
				CLANG_CXX_LANGUAGE_STANDARD = "gnu++14";
				CLANG_CXX_LIBRARY = "libc++";
				CLANG_ENABLE_MODULES = YES;
				CLANG_ENABLE_OBJC_ARC = YES;
				CLANG_ENABLE_OBJC_WEAK = YES;
				CLANG_WARN_BLOCK_CAPTURE_AUTORELEASING = YES;
				CLANG_WARN_BOOL_CONVERSION = YES;
				CLANG_WARN_COMMA = YES;
				CLANG_WARN_CONSTANT_CONVERSION = YES;
				CLANG_WARN_DEPRECATED_OBJC_IMPLEMENTATIONS = YES;
				CLANG_WARN_DIRECT_OBJC_ISA_USAGE = YES_ERROR;
				CLANG_WARN_DOCUMENTATION_COMMENTS = YES;
				CLANG_WARN_EMPTY_BODY = YES;
				CLANG_WARN_ENUM_CONVERSION = YES;
				CLANG_WARN_INFINITE_RECURSION = YES;
				CLANG_WARN_INT_CONVERSION = YES;
				CLANG_WARN_NON_LITERAL_NULL_CONVERSION = YES;
				CLANG_WARN_OBJC_IMPLICIT_RETAIN_SELF = YES;
				CLANG_WARN_OBJC_LITERAL_CONVERSION = YES;
				CLANG_WARN_OBJC_ROOT_CLASS = YES_ERROR;
				CLANG_WARN_RANGE_LOOP_ANALYSIS = YES;
				CLANG_WARN_STRICT_PROTOTYPES = YES;
				CLANG_WARN_SUSPICIOUS_MOVE = YES;
				CLANG_WARN_UNGUARDED_AVAILABILITY = YES_AGGRESSIVE;
				CLANG_WARN_UNREACHABLE_CODE = YES;
				CLANG_WARN__DUPLICATE_METHOD_MATCH = YES;
				COPY_PHASE_STRIP = NO;
				DEBUG_INFORMATION_FORMAT = "dwarf-with-dsym";
				ENABLE_NS_ASSERTIONS = NO;
				ENABLE_STRICT_OBJC_MSGSEND = YES;
				GCC_C_LANGUAGE_STANDARD = gnu11;
				GCC_NO_COMMON_BLOCKS = YES;
				GCC_WARN_64_TO_32_BIT_CONVERSION = YES;
				GCC_WARN_ABOUT_RETURN_TYPE = YES_ERROR;
				GCC_WARN_UNDECLARED_SELECTOR = YES;
				GCC_WARN_UNINITIALIZED_AUTOS = YES_AGGRESSIVE;
				GCC_WARN_UNUSED_FUNCTION = YES;
				GCC_WARN_UNUSED_VARIABLE = YES;
				IPHONEOS_DEPLOYMENT_TARGET = 13.7;
				MTL_ENABLE_DEBUG_INFO = NO;
				MTL_FAST_MATH = YES;
				SDKROOT = iphoneos;
				SWIFT_COMPILATION_MODE = wholemodule;
				SWIFT_OPTIMIZATION_LEVEL = "-O";
				VALIDATE_PRODUCT = YES;
			};
			name = Release;
		};
		F27D604B25336C3B00D76022 /* Debug */ = {
			isa = XCBuildConfiguration;
			buildSettings = {
				ASSETCATALOG_COMPILER_APPICON_NAME = AppIcon;
				CODE_SIGN_STYLE = Automatic;
				INFOPLIST_FILE = Animation/Info.plist;
				LD_RUNPATH_SEARCH_PATHS = (
					"$(inherited)",
					"@executable_path/Frameworks",
				);
				PRODUCT_BUNDLE_IDENTIFIER = com.example.Animation;
				PRODUCT_NAME = "$(TARGET_NAME)";
				SWIFT_VERSION = 5.0;
				TARGETED_DEVICE_FAMILY = 2;
			};
			name = Debug;
		};
		F27D604C25336C3B00D76022 /* Release */ = {
			isa = XCBuildConfiguration;
			buildSettings = {
				ASSETCATALOG_COMPILER_APPICON_NAME = AppIcon;
				CODE_SIGN_STYLE = Automatic;
				INFOPLIST_FILE = Animation/Info.plist;
				LD_RUNPATH_SEARCH_PATHS = (
					"$(inherited)",
					"@executable_path/Frameworks",
				);
				PRODUCT_BUNDLE_IDENTIFIER = com.example.Animation;
				PRODUCT_NAME = "$(TARGET_NAME)";
				SWIFT_VERSION = 5.0;
				TARGETED_DEVICE_FAMILY = 2;
			};
			name = Release;
		};
		F27D604E25336C3B00D76022 /* Debug */ = {
			isa = XCBuildConfiguration;
			buildSettings = {
				ALWAYS_EMBED_SWIFT_STANDARD_LIBRARIES = YES;
				BUNDLE_LOADER = "$(TEST_HOST)";
				CODE_SIGN_STYLE = Automatic;
				INFOPLIST_FILE = AnimationTests/Info.plist;
				IPHONEOS_DEPLOYMENT_TARGET = 13.7;
				LD_RUNPATH_SEARCH_PATHS = (
					"$(inherited)",
					"@executable_path/Frameworks",
					"@loader_path/Frameworks",
				);
				PRODUCT_BUNDLE_IDENTIFIER = com.example.AnimationTests;
				PRODUCT_NAME = "$(TARGET_NAME)";
				SWIFT_VERSION = 5.0;
				TARGETED_DEVICE_FAMILY = "1,2";
				TEST_HOST = "$(BUILT_PRODUCTS_DIR)/Animation.app/Animation";
			};
			name = Debug;
		};
		F27D604F25336C3B00D76022 /* Release */ = {
			isa = XCBuildConfiguration;
			buildSettings = {
				ALWAYS_EMBED_SWIFT_STANDARD_LIBRARIES = YES;
				BUNDLE_LOADER = "$(TEST_HOST)";
				CODE_SIGN_STYLE = Automatic;
				INFOPLIST_FILE = AnimationTests/Info.plist;
				IPHONEOS_DEPLOYMENT_TARGET = 13.7;
				LD_RUNPATH_SEARCH_PATHS = (
					"$(inherited)",
					"@executable_path/Frameworks",
					"@loader_path/Frameworks",
				);
				PRODUCT_BUNDLE_IDENTIFIER = com.example.AnimationTests;
				PRODUCT_NAME = "$(TARGET_NAME)";
				SWIFT_VERSION = 5.0;
				TARGETED_DEVICE_FAMILY = "1,2";
				TEST_HOST = "$(BUILT_PRODUCTS_DIR)/Animation.app/Animation";
			};
			name = Release;
		};
		F27D605125336C3B00D76022 /* Debug */ = {
			isa = XCBuildConfiguration;
			buildSettings = {
				ALWAYS_EMBED_SWIFT_STANDARD_LIBRARIES = YES;
				CODE_SIGN_STYLE = Automatic;
				INFOPLIST_FILE = AnimationUITests/Info.plist;
				LD_RUNPATH_SEARCH_PATHS = (
					"$(inherited)",
					"@executable_path/Frameworks",
					"@loader_path/Frameworks",
				);
				PRODUCT_BUNDLE_IDENTIFIER = com.example.AnimationUITests;
				PRODUCT_NAME = "$(TARGET_NAME)";
				SWIFT_VERSION = 5.0;
				TARGETED_DEVICE_FAMILY = "1,2";
				TEST_TARGET_NAME = Animation;
			};
			name = Debug;
		};
		F27D605225336C3B00D76022 /* Release */ = {
			isa = XCBuildConfiguration;
			buildSettings = {
				ALWAYS_EMBED_SWIFT_STANDARD_LIBRARIES = YES;
				CODE_SIGN_STYLE = Automatic;
				INFOPLIST_FILE = AnimationUITests/Info.plist;
				LD_RUNPATH_SEARCH_PATHS = (
					"$(inherited)",
					"@executable_path/Frameworks",
					"@loader_path/Frameworks",
				);
				PRODUCT_BUNDLE_IDENTIFIER = com.example.AnimationUITests;
				PRODUCT_NAME = "$(TARGET_NAME)";
				SWIFT_VERSION = 5.0;
				TARGETED_DEVICE_FAMILY = "1,2";
				TEST_TARGET_NAME = Animation;
			};
			name = Release;
		};
/* End XCBuildConfiguration section */

/* Begin XCConfigurationList section */
		F27D601B25336C3900D76022 /* Build configuration list for PBXProject "Animation" */ = {
			isa = XCConfigurationList;
			buildConfigurations = (
				F27D604825336C3B00D76022 /* Debug */,
				F27D604925336C3B00D76022 /* Release */,
			);
			defaultConfigurationIsVisible = 0;
			defaultConfigurationName = Release;
		};
		F27D604A25336C3B00D76022 /* Build configuration list for PBXNativeTarget "Animation" */ = {
			isa = XCConfigurationList;
			buildConfigurations = (
				F27D604B25336C3B00D76022 /* Debug */,
				F27D604C25336C3B00D76022 /* Release */,
			);
			defaultConfigurationIsVisible = 0;
			defaultConfigurationName = Release;
		};
		F27D604D25336C3B00D76022 /* Build configuration list for PBXNativeTarget "AnimationTests" */ = {
			isa = XCConfigurationList;
			buildConfigurations = (
				F27D604E25336C3B00D76022 /* Debug */,
				F27D604F25336C3B00D76022 /* Release */,
			);
			defaultConfigurationIsVisible = 0;
			defaultConfigurationName = Release;
		};
		F27D605025336C3B00D76022 /* Build configuration list for PBXNativeTarget "AnimationUITests" */ = {
			isa = XCConfigurationList;
			buildConfigurations = (
				F27D605125336C3B00D76022 /* Debug */,
				F27D605225336C3B00D76022 /* Release */,
			);
			defaultConfigurationIsVisible = 0;
			defaultConfigurationName = Release;
		};
/* End XCConfigurationList section */
	};
	rootObject = F27D601825336C3900D76022 /* Project object */;
}
